
Microsoft Visual Studio Solution File, Format Version 12.00
# Visual Studio Version 17
VisualStudioVersion = 17.12.35527.113 d17.12
MinimumVisualStudioVersion = 10.0.40219.1
Project("{FAE04EC0-301F-11D3-BF4B-00C04F79EFBC}") = "MentalHealth.WebAPI", "MentalHealth\MentalHealth.WebAPI.csproj", "{180C8B38-FF92-4C71-BE21-51FB4B9EF999}"
EndProject
Project("{FAE04EC0-301F-11D3-BF4B-00C04F79EFBC}") = "MentalHealth.DAL", "MentalHealth.DAL\MentalHealth.DAL.csproj", "{E1D32B80-CFE3-4F9F-8B17-8B86AD70241A}"
EndProject
Global
	GlobalSection(SolutionConfigurationPlatforms) = preSolution
		Debug|Any CPU = Debug|Any CPU
		Release|Any CPU = Release|Any CPU
	EndGlobalSection
	GlobalSection(ProjectConfigurationPlatforms) = postSolution
		{180C8B38-FF92-4C71-BE21-51FB4B9EF999}.Debug|Any CPU.ActiveCfg = Debug|Any CPU
		{180C8B38-FF92-4C71-BE21-51FB4B9EF999}.Debug|Any CPU.Build.0 = Debug|Any CPU
		{180C8B38-FF92-4C71-BE21-51FB4B9EF999}.Release|Any CPU.ActiveCfg = Release|Any CPU
		{180C8B38-FF92-4C71-BE21-51FB4B9EF999}.Release|Any CPU.Build.0 = Release|Any CPU
		{E1D32B80-CFE3-4F9F-8B17-8B86AD70241A}.Debug|Any CPU.ActiveCfg = Debug|Any CPU
		{E1D32B80-CFE3-4F9F-8B17-8B86AD70241A}.Debug|Any CPU.Build.0 = Debug|Any CPU
		{E1D32B80-CFE3-4F9F-8B17-8B86AD70241A}.Release|Any CPU.ActiveCfg = Release|Any CPU
		{E1D32B80-CFE3-4F9F-8B17-8B86AD70241A}.Release|Any CPU.Build.0 = Release|Any CPU
	EndGlobalSection
	GlobalSection(SolutionProperties) = preSolution
		HideSolutionNode = FALSE
	EndGlobalSection
EndGlobal
